// !$*UTF8*$!
{
	archiveVersion = 1;
	classes = {
	};
	objectVersion = 77;
	objects = {

/* Begin PBXBuildFile section */
		3B7042FD2E8F013000CB8FFE /* SnapKit in Frameworks */ = {isa = PBXBuildFile; productRef = 3B7042FC2E8F013000CB8FFE /* SnapKit */; };
		3BF3A0F32E92BF2D00A0D290 /* FirebaseAuth in Frameworks */ = {isa = PBXBuildFile; productRef = 3BF3A0F22E92BF2D00A0D290 /* FirebaseAuth */; };
		3BF3A0F52E92BF2D00A0D290 /* FirebaseCore in Frameworks */ = {isa = PBXBuildFile; productRef = 3BF3A0F42E92BF2D00A0D290 /* FirebaseCore */; };
		3BF3A0F72E92BF2D00A0D290 /* FirebaseFirestore in Frameworks */ = {isa = PBXBuildFile; productRef = 3BF3A0F62E92BF2D00A0D290 /* FirebaseFirestore */; };
		3BF3A0F92E92BF2D00A0D290 /* FirebaseStorage in Frameworks */ = {isa = PBXBuildFile; productRef = 3BF3A0F82E92BF2D00A0D290 /* FirebaseStorage */; };
		3BF3A1D42E92C79000A0D290 /* GoogleSignIn in Frameworks */ = {isa = PBXBuildFile; productRef = 3BF3A1D32E92C79000A0D290 /* GoogleSignIn */; };
		3BF3A1D62E92C79000A0D290 /* GoogleSignInSwift in Frameworks */ = {isa = PBXBuildFile; productRef = 3BF3A1D52E92C79000A0D290 /* GoogleSignInSwift */; };
		3BF3A1DC2E92F0F300A0D290 /* FacebookCore in Frameworks */ = {isa = PBXBuildFile; productRef = 3BF3A1DB2E92F0F300A0D290 /* FacebookCore */; };
		3BF3A1DE2E92F0F300A0D290 /* FacebookLogin in Frameworks */ = {isa = PBXBuildFile; productRef = 3BF3A1DD2E92F0F300A0D290 /* FacebookLogin */; };
/* End PBXBuildFile section */

/* Begin PBXFileReference section */
		3B7041732E8EEB1200CB8FFE /* Disc.app */ = {isa = PBXFileReference; explicitFileType = wrapper.application; includeInIndex = 0; path = Disc.app; sourceTree = BUILT_PRODUCTS_DIR; };
/* End PBXFileReference section */

/* Begin PBXFileSystemSynchronizedBuildFileExceptionSet section */
		3B7041852E8EEB1400CB8FFE /* Exceptions for "Disc" folder in "Disc" target */ = {
			isa = PBXFileSystemSynchronizedBuildFileExceptionSet;
			membershipExceptions = (
				Core/Info.plist,
			);
			target = 3B7041722E8EEB1100CB8FFE /* Disc */;
		};
/* End PBXFileSystemSynchronizedBuildFileExceptionSet section */

/* Begin PBXFileSystemSynchronizedRootGroup section */
		3B7041752E8EEB1200CB8FFE /* Disc */ = {
			isa = PBXFileSystemSynchronizedRootGroup;
			exceptions = (
				3B7041852E8EEB1400CB8FFE /* Exceptions for "Disc" folder in "Disc" target */,
			);
			path = Disc;
			sourceTree = "<group>";
		};
/* End PBXFileSystemSynchronizedRootGroup section */

/* Begin PBXFrameworksBuildPhase section */
		3B7041702E8EEB1100CB8FFE /* Frameworks */ = {
			isa = PBXFrameworksBuildPhase;
			buildActionMask = 2147483647;
			files = (
				3B7042FD2E8F013000CB8FFE /* SnapKit in Frameworks */,
				3BF3A0F72E92BF2D00A0D290 /* FirebaseFirestore in Frameworks */,
				3BF3A1D62E92C79000A0D290 /* GoogleSignInSwift in Frameworks */,
				3BF3A0F52E92BF2D00A0D290 /* FirebaseCore in Frameworks */,
				3BF3A0F92E92BF2D00A0D290 /* FirebaseStorage in Frameworks */,
				3BF3A1DE2E92F0F300A0D290 /* FacebookLogin in Frameworks */,
				3BF3A0F32E92BF2D00A0D290 /* FirebaseAuth in Frameworks */,
				3BF3A1D42E92C79000A0D290 /* GoogleSignIn in Frameworks */,
				3BF3A1DC2E92F0F300A0D290 /* FacebookCore in Frameworks */,
			);
			runOnlyForDeploymentPostprocessing = 0;
		};
/* End PBXFrameworksBuildPhase section */

/* Begin PBXGroup section */
		3B70416A2E8EEB1100CB8FFE = {
			isa = PBXGroup;
			children = (
				3B7041752E8EEB1200CB8FFE /* Disc */,
				3B7041742E8EEB1200CB8FFE /* Products */,
			);
			sourceTree = "<group>";
		};
		3B7041742E8EEB1200CB8FFE /* Products */ = {
			isa = PBXGroup;
			children = (
				3B7041732E8EEB1200CB8FFE /* Disc.app */,
			);
			name = Products;
			sourceTree = "<group>";
		};
/* End PBXGroup section */

/* Begin PBXNativeTarget section */
		3B7041722E8EEB1100CB8FFE /* Disc */ = {
			isa = PBXNativeTarget;
			buildConfigurationList = 3B7041862E8EEB1400CB8FFE /* Build configuration list for PBXNativeTarget "Disc" */;
			buildPhases = (
				3B70416F2E8EEB1100CB8FFE /* Sources */,
				3B7041702E8EEB1100CB8FFE /* Frameworks */,
				3B7041712E8EEB1100CB8FFE /* Resources */,
			);
			buildRules = (
			);
			dependencies = (
			);
			fileSystemSynchronizedGroups = (
				3B7041752E8EEB1200CB8FFE /* Disc */,
			);
			name = Disc;
			packageProductDependencies = (
				3B7042FC2E8F013000CB8FFE /* SnapKit */,
				3BF3A0F22E92BF2D00A0D290 /* FirebaseAuth */,
				3BF3A0F42E92BF2D00A0D290 /* FirebaseCore */,
				3BF3A0F62E92BF2D00A0D290 /* FirebaseFirestore */,
				3BF3A0F82E92BF2D00A0D290 /* FirebaseStorage */,
				3BF3A1D32E92C79000A0D290 /* GoogleSignIn */,
				3BF3A1D52E92C79000A0D290 /* GoogleSignInSwift */,
				3BF3A1DB2E92F0F300A0D290 /* FacebookCore */,
				3BF3A1DD2E92F0F300A0D290 /* FacebookLogin */,
			);
			productName = Disc;
			productReference = 3B7041732E8EEB1200CB8FFE /* Disc.app */;
			productType = "com.apple.product-type.application";
		};
/* End PBXNativeTarget section */

/* Begin PBXProject section */
		3B70416B2E8EEB1100CB8FFE /* Project object */ = {
			isa = PBXProject;
			attributes = {
				BuildIndependentTargetsInParallel = 1;
				LastSwiftUpdateCheck = 2600;
				LastUpgradeCheck = 2600;
				TargetAttributes = {
					3B7041722E8EEB1100CB8FFE = {
						CreatedOnToolsVersion = 26.0;
					};
				};
			};
			buildConfigurationList = 3B70416E2E8EEB1100CB8FFE /* Build configuration list for PBXProject "Disc" */;
			developmentRegion = en;
			hasScannedForEncodings = 0;
			knownRegions = (
				en,
				Base,
			);
			mainGroup = 3B70416A2E8EEB1100CB8FFE;
			minimizedProjectReferenceProxies = 1;
			packageReferences = (
				3B7042FB2E8F013000CB8FFE /* XCRemoteSwiftPackageReference "SnapKit" */,
				3BF3A0F12E92BF2D00A0D290 /* XCRemoteSwiftPackageReference "firebase-ios-sdk" */,
				3BF3A1D22E92C79000A0D290 /* XCRemoteSwiftPackageReference "GoogleSignIn-iOS" */,
				3BF3A1DA2E92F0F300A0D290 /* XCRemoteSwiftPackageReference "facebook-ios-sdk" */,
			);
			preferredProjectObjectVersion = 77;
			productRefGroup = 3B7041742E8EEB1200CB8FFE /* Products */;
			projectDirPath = "";
			projectRoot = "";
			targets = (
				3B7041722E8EEB1100CB8FFE /* Disc */,
			);
		};
/* End PBXProject section */

/* Begin PBXResourcesBuildPhase section */
		3B7041712E8EEB1100CB8FFE /* Resources */ = {
			isa = PBXResourcesBuildPhase;
			buildActionMask = 2147483647;
			files = (
			);
			runOnlyForDeploymentPostprocessing = 0;
		};
/* End PBXResourcesBuildPhase section */

/* Begin PBXSourcesBuildPhase section */
		3B70416F2E8EEB1100CB8FFE /* Sources */ = {
			isa = PBXSourcesBuildPhase;
			buildActionMask = 2147483647;
			files = (
			);
			runOnlyForDeploymentPostprocessing = 0;
		};
/* End PBXSourcesBuildPhase section */

/* Begin XCBuildConfiguration section */
		3B7041872E8EEB1400CB8FFE /* Debug */ = {
			isa = XCBuildConfiguration;
			buildSettings = {
				ASSETCATALOG_COMPILER_APPICON_NAME = AppIcon;
				ASSETCATALOG_COMPILER_GLOBAL_ACCENT_COLOR_NAME = AccentColor;
				CODE_SIGN_ENTITLEMENTS = "";
				CODE_SIGN_STYLE = Automatic;
				CURRENT_PROJECT_VERSION = 1;
				DEVELOPMENT_TEAM = 2H5H8AUKBK;
				GENERATE_INFOPLIST_FILE = YES;
				INFOPLIST_FILE = Disc/Core/Info.plist;
				INFOPLIST_KEY_UIApplicationSupportsIndirectInputEvents = YES;
				INFOPLIST_KEY_UILaunchStoryboardName = LaunchScreen;
				INFOPLIST_KEY_UISupportedInterfaceOrientations_iPad = "UIInterfaceOrientationPortrait UIInterfaceOrientationPortraitUpsideDown UIInterfaceOrientationLandscapeLeft UIInterfaceOrientationLandscapeRight";
				INFOPLIST_KEY_UISupportedInterfaceOrientations_iPhone = "UIInterfaceOrientationPortrait UIInterfaceOrientationLandscapeLeft UIInterfaceOrientationLandscapeRight";
				IPHONEOS_DEPLOYMENT_TARGET = 18.6;
				LD_RUNPATH_SEARCH_PATHS = (
					"$(inherited)",
					"@executable_path/Frameworks",
				);
				MARKETING_VERSION = 1.0;
				PRODUCT_BUNDLE_IDENTIFIER = com.jamilamahammadli.Disc;
				PRODUCT_NAME = "$(TARGET_NAME)";
				STRING_CATALOG_GENERATE_SYMBOLS = YES;
				SWIFT_APPROACHABLE_CONCURRENCY = YES;
				SWIFT_DEFAULT_ACTOR_ISOLATION = MainActor;
				SWIFT_EMIT_LOC_STRINGS = YES;
				SWIFT_UPCOMING_FEATURE_MEMBER_IMPORT_VISIBILITY = YES;
				SWIFT_VERSION = 5.0;
				TARGETED_DEVICE_FAMILY = "1,2";
			};
			name = Debug;
		};
		3B7041882E8EEB1400CB8FFE /* Release */ = {
			isa = XCBuildConfiguration;
			buildSettings = {
				ASSETCATALOG_COMPILER_APPICON_NAME = AppIcon;
				ASSETCATALOG_COMPILER_GLOBAL_ACCENT_COLOR_NAME = AccentColor;
				CODE_SIGN_ENTITLEMENTS = "";
				CODE_SIGN_STYLE = Automatic;
				CURRENT_PROJECT_VERSION = 1;
				DEVELOPMENT_TEAM = 2H5H8AUKBK;
				GENERATE_INFOPLIST_FILE = YES;
				INFOPLIST_FILE = Disc/Core/Info.plist;
				INFOPLIST_KEY_UIApplicationSupportsIndirectInputEvents = YES;
				INFOPLIST_KEY_UILaunchStoryboardName = LaunchScreen;
				INFOPLIST_KEY_UISupportedInterfaceOrientations_iPad = "UIInterfaceOrientationPortrait UIInterfaceOrientationPortraitUpsideDown UIInterfaceOrientationLandscapeLeft UIInterfaceOrientationLandscapeRight";
				INFOPLIST_KEY_UISupportedInterfaceOrientations_iPhone = "UIInterfaceOrientationPortrait UIInterfaceOrientationLandscapeLeft UIInterfaceOrientationLandscapeRight";
				IPHONEOS_DEPLOYMENT_TARGET = 18.6;
				LD_RUNPATH_SEARCH_PATHS = (
					"$(inherited)",
					"@executable_path/Frameworks",
				);
				MARKETING_VERSION = 1.0;
				PRODUCT_BUNDLE_IDENTIFIER = com.jamilamahammadli.Disc;
				PRODUCT_NAME = "$(TARGET_NAME)";
				STRING_CATALOG_GENERATE_SYMBOLS = YES;
				SWIFT_APPROACHABLE_CONCURRENCY = YES;
				SWIFT_DEFAULT_ACTOR_ISOLATION = MainActor;
				SWIFT_EMIT_LOC_STRINGS = YES;
				SWIFT_UPCOMING_FEATURE_MEMBER_IMPORT_VISIBILITY = YES;
				SWIFT_VERSION = 5.0;
				TARGETED_DEVICE_FAMILY = "1,2";
			};
			name = Release;
		};
		3B7041892E8EEB1400CB8FFE /* Debug */ = {
			isa = XCBuildConfiguration;
			buildSettings = {
				ALWAYS_SEARCH_USER_PATHS = NO;
				ASSETCATALOG_COMPILER_GENERATE_SWIFT_ASSET_SYMBOL_EXTENSIONS = YES;
				CLANG_ANALYZER_NONNULL = YES;
				CLANG_ANALYZER_NUMBER_OBJECT_CONVERSION = YES_AGGRESSIVE;
				CLANG_CXX_LANGUAGE_STANDARD = "gnu++20";
				CLANG_ENABLE_MODULES = YES;
				CLANG_ENABLE_OBJC_ARC = YES;
				CLANG_ENABLE_OBJC_WEAK = YES;
				CLANG_WARN_BLOCK_CAPTURE_AUTORELEASING = YES;
				CLANG_WARN_BOOL_CONVERSION = YES;
				CLANG_WARN_COMMA = YES;
				CLANG_WARN_CONSTANT_CONVERSION = YES;
				CLANG_WARN_DEPRECATED_OBJC_IMPLEMENTATIONS = YES;
				CLANG_WARN_DIRECT_OBJC_ISA_USAGE = YES_ERROR;
				CLANG_WARN_DOCUMENTATION_COMMENTS = YES;
				CLANG_WARN_EMPTY_BODY = YES;
				CLANG_WARN_ENUM_CONVERSION = YES;
				CLANG_WARN_INFINITE_RECURSION = YES;
				CLANG_WARN_INT_CONVERSION = YES;
				CLANG_WARN_NON_LITERAL_NULL_CONVERSION = YES;
				CLANG_WARN_OBJC_IMPLICIT_RETAIN_SELF = YES;
				CLANG_WARN_OBJC_LITERAL_CONVERSION = YES;
				CLANG_WARN_OBJC_ROOT_CLASS = YES_ERROR;
				CLANG_WARN_QUOTED_INCLUDE_IN_FRAMEWORK_HEADER = YES;
				CLANG_WARN_RANGE_LOOP_ANALYSIS = YES;
				CLANG_WARN_STRICT_PROTOTYPES = YES;
				CLANG_WARN_SUSPICIOUS_MOVE = YES;
				CLANG_WARN_UNGUARDED_AVAILABILITY = YES_AGGRESSIVE;
				CLANG_WARN_UNREACHABLE_CODE = YES;
				CLANG_WARN__DUPLICATE_METHOD_MATCH = YES;
				COPY_PHASE_STRIP = NO;
				DEBUG_INFORMATION_FORMAT = dwarf;
				DEVELOPMENT_TEAM = 2H5H8AUKBK;
				ENABLE_STRICT_OBJC_MSGSEND = YES;
				ENABLE_TESTABILITY = YES;
				ENABLE_USER_SCRIPT_SANDBOXING = YES;
				GCC_C_LANGUAGE_STANDARD = gnu17;
				GCC_DYNAMIC_NO_PIC = NO;
				GCC_NO_COMMON_BLOCKS = YES;
				GCC_OPTIMIZATION_LEVEL = 0;
				GCC_PREPROCESSOR_DEFINITIONS = (
					"DEBUG=1",
					"$(inherited)",
				);
				GCC_WARN_64_TO_32_BIT_CONVERSION = YES;
				GCC_WARN_ABOUT_RETURN_TYPE = YES_ERROR;
				GCC_WARN_UNDECLARED_SELECTOR = YES;
				GCC_WARN_UNINITIALIZED_AUTOS = YES_AGGRESSIVE;
				GCC_WARN_UNUSED_FUNCTION = YES;
				GCC_WARN_UNUSED_VARIABLE = YES;
				IPHONEOS_DEPLOYMENT_TARGET = 26.0;
				LOCALIZATION_PREFERS_STRING_CATALOGS = YES;
				MTL_ENABLE_DEBUG_INFO = INCLUDE_SOURCE;
				MTL_FAST_MATH = YES;
				ONLY_ACTIVE_ARCH = YES;
				SDKROOT = iphoneos;
				SWIFT_ACTIVE_COMPILATION_CONDITIONS = "DEBUG $(inherited)";
				SWIFT_OPTIMIZATION_LEVEL = "-Onone";
			};
			name = Debug;
		};
		3B70418A2E8EEB1400CB8FFE /* Release */ = {
			isa = XCBuildConfiguration;
			buildSettings = {
				ALWAYS_SEARCH_USER_PATHS = NO;
				ASSETCATALOG_COMPILER_GENERATE_SWIFT_ASSET_SYMBOL_EXTENSIONS = YES;
				CLANG_ANALYZER_NONNULL = YES;
				CLANG_ANALYZER_NUMBER_OBJECT_CONVERSION = YES_AGGRESSIVE;
				CLANG_CXX_LANGUAGE_STANDARD = "gnu++20";
				CLANG_ENABLE_MODULES = YES;
				CLANG_ENABLE_OBJC_ARC = YES;
				CLANG_ENABLE_OBJC_WEAK = YES;
				CLANG_WARN_BLOCK_CAPTURE_AUTORELEASING = YES;
				CLANG_WARN_BOOL_CONVERSION = YES;
				CLANG_WARN_COMMA = YES;
				CLANG_WARN_CONSTANT_CONVERSION = YES;
				CLANG_WARN_DEPRECATED_OBJC_IMPLEMENTATIONS = YES;
				CLANG_WARN_DIRECT_OBJC_ISA_USAGE = YES_ERROR;
				CLANG_WARN_DOCUMENTATION_COMMENTS = YES;
				CLANG_WARN_EMPTY_BODY = YES;
				CLANG_WARN_ENUM_CONVERSION = YES;
				CLANG_WARN_INFINITE_RECURSION = YES;
				CLANG_WARN_INT_CONVERSION = YES;
				CLANG_WARN_NON_LITERAL_NULL_CONVERSION = YES;
				CLANG_WARN_OBJC_IMPLICIT_RETAIN_SELF = YES;
				CLANG_WARN_OBJC_LITERAL_CONVERSION = YES;
				CLANG_WARN_OBJC_ROOT_CLASS = YES_ERROR;
				CLANG_WARN_QUOTED_INCLUDE_IN_FRAMEWORK_HEADER = YES;
				CLANG_WARN_RANGE_LOOP_ANALYSIS = YES;
				CLANG_WARN_STRICT_PROTOTYPES = YES;
				CLANG_WARN_SUSPICIOUS_MOVE = YES;
				CLANG_WARN_UNGUARDED_AVAILABILITY = YES_AGGRESSIVE;
				CLANG_WARN_UNREACHABLE_CODE = YES;
				CLANG_WARN__DUPLICATE_METHOD_MATCH = YES;
				COPY_PHASE_STRIP = NO;
				DEBUG_INFORMATION_FORMAT = "dwarf-with-dsym";
				DEVELOPMENT_TEAM = 2H5H8AUKBK;
				ENABLE_NS_ASSERTIONS = NO;
				ENABLE_STRICT_OBJC_MSGSEND = YES;
				ENABLE_USER_SCRIPT_SANDBOXING = YES;
				GCC_C_LANGUAGE_STANDARD = gnu17;
				GCC_NO_COMMON_BLOCKS = YES;
				GCC_WARN_64_TO_32_BIT_CONVERSION = YES;
				GCC_WARN_ABOUT_RETURN_TYPE = YES_ERROR;
				GCC_WARN_UNDECLARED_SELECTOR = YES;
				GCC_WARN_UNINITIALIZED_AUTOS = YES_AGGRESSIVE;
				GCC_WARN_UNUSED_FUNCTION = YES;
				GCC_WARN_UNUSED_VARIABLE = YES;
				IPHONEOS_DEPLOYMENT_TARGET = 26.0;
				LOCALIZATION_PREFERS_STRING_CATALOGS = YES;
				MTL_ENABLE_DEBUG_INFO = NO;
				MTL_FAST_MATH = YES;
				SDKROOT = iphoneos;
				SWIFT_COMPILATION_MODE = wholemodule;
				VALIDATE_PRODUCT = YES;
			};
			name = Release;
		};
/* End XCBuildConfiguration section */

/* Begin XCConfigurationList section */
		3B70416E2E8EEB1100CB8FFE /* Build configuration list for PBXProject "Disc" */ = {
			isa = XCConfigurationList;
			buildConfigurations = (
				3B7041892E8EEB1400CB8FFE /* Debug */,
				3B70418A2E8EEB1400CB8FFE /* Release */,
			);
			defaultConfigurationIsVisible = 0;
			defaultConfigurationName = Release;
		};
		3B7041862E8EEB1400CB8FFE /* Build configuration list for PBXNativeTarget "Disc" */ = {
			isa = XCConfigurationList;
			buildConfigurations = (
				3B7041872E8EEB1400CB8FFE /* Debug */,
				3B7041882E8EEB1400CB8FFE /* Release */,
			);
			defaultConfigurationIsVisible = 0;
			defaultConfigurationName = Release;
		};
/* End XCConfigurationList section */

/* Begin XCRemoteSwiftPackageReference section */
		3B7042FB2E8F013000CB8FFE /* XCRemoteSwiftPackageReference "SnapKit" */ = {
			isa = XCRemoteSwiftPackageReference;
			repositoryURL = "https://github.com/SnapKit/SnapKit.git";
			requirement = {
				kind = upToNextMajorVersion;
				minimumVersion = 5.7.1;
			};
		};
		3BF3A0F12E92BF2D00A0D290 /* XCRemoteSwiftPackageReference "firebase-ios-sdk" */ = {
			isa = XCRemoteSwiftPackageReference;
			repositoryURL = "https://github.com/firebase/firebase-ios-sdk";
			requirement = {
				kind = upToNextMajorVersion;
				minimumVersion = 12.3.0;
			};
		};
		3BF3A1D22E92C79000A0D290 /* XCRemoteSwiftPackageReference "GoogleSignIn-iOS" */ = {
			isa = XCRemoteSwiftPackageReference;
			repositoryURL = "https://github.com/google/GoogleSignIn-iOS";
			requirement = {
				kind = upToNextMajorVersion;
				minimumVersion = 9.0.0;
			};
		};
		3BF3A1DA2E92F0F300A0D290 /* XCRemoteSwiftPackageReference "facebook-ios-sdk" */ = {
			isa = XCRemoteSwiftPackageReference;
			repositoryURL = "https://github.com/facebook/facebook-ios-sdk";
			requirement = {
				kind = upToNextMajorVersion;
				minimumVersion = 14.1.0;
			};
		};
/* End XCRemoteSwiftPackageReference section */

/* Begin XCSwiftPackageProductDependency section */
		3B7042FC2E8F013000CB8FFE /* SnapKit */ = {
			isa = XCSwiftPackageProductDependency;
			package = 3B7042FB2E8F013000CB8FFE /* XCRemoteSwiftPackageReference "SnapKit" */;
			productName = SnapKit;
		};
		3BF3A0F22E92BF2D00A0D290 /* FirebaseAuth */ = {
			isa = XCSwiftPackageProductDependency;
			package = 3BF3A0F12E92BF2D00A0D290 /* XCRemoteSwiftPackageReference "firebase-ios-sdk" */;
			productName = FirebaseAuth;
		};
		3BF3A0F42E92BF2D00A0D290 /* FirebaseCore */ = {
			isa = XCSwiftPackageProductDependency;
			package = 3BF3A0F12E92BF2D00A0D290 /* XCRemoteSwiftPackageReference "firebase-ios-sdk" */;
			productName = FirebaseCore;
		};
		3BF3A0F62E92BF2D00A0D290 /* FirebaseFirestore */ = {
			isa = XCSwiftPackageProductDependency;
			package = 3BF3A0F12E92BF2D00A0D290 /* XCRemoteSwiftPackageReference "firebase-ios-sdk" */;
			productName = FirebaseFirestore;
		};
		3BF3A0F82E92BF2D00A0D290 /* FirebaseStorage */ = {
			isa = XCSwiftPackageProductDependency;
			package = 3BF3A0F12E92BF2D00A0D290 /* XCRemoteSwiftPackageReference "firebase-ios-sdk" */;
			productName = FirebaseStorage;
		};
		3BF3A1D32E92C79000A0D290 /* GoogleSignIn */ = {
			isa = XCSwiftPackageProductDependency;
			package = 3BF3A1D22E92C79000A0D290 /* XCRemoteSwiftPackageReference "GoogleSignIn-iOS" */;
			productName = GoogleSignIn;
		};
		3BF3A1D52E92C79000A0D290 /* GoogleSignInSwift */ = {
			isa = XCSwiftPackageProductDependency;
			package = 3BF3A1D22E92C79000A0D290 /* XCRemoteSwiftPackageReference "GoogleSignIn-iOS" */;
			productName = GoogleSignInSwift;
		};
		3BF3A1DB2E92F0F300A0D290 /* FacebookCore */ = {
			isa = XCSwiftPackageProductDependency;
			package = 3BF3A1DA2E92F0F300A0D290 /* XCRemoteSwiftPackageReference "facebook-ios-sdk" */;
			productName = FacebookCore;
		};
		3BF3A1DD2E92F0F300A0D290 /* FacebookLogin */ = {
			isa = XCSwiftPackageProductDependency;
			package = 3BF3A1DA2E92F0F300A0D290 /* XCRemoteSwiftPackageReference "facebook-ios-sdk" */;
			productName = FacebookLogin;
		};
/* End XCSwiftPackageProductDependency section */
	};
	rootObject = 3B70416B2E8EEB1100CB8FFE /* Project object */;
}
